
Microsoft Visual Studio Solution File, Format Version 12.00
# Visual Studio Version 16
VisualStudioVersion = 16.0.31105.61
MinimumVisualStudioVersion = 10.0.40219.1
Project("{8BC9CEB8-8B4A-11D0-8D11-00A0C91BC942}") = "Penteract", "Penteract.vcxproj", "{DE2CE20F-4AA3-46AC-988D-758458CF2928}"
EndProject
Global
	GlobalSection(SolutionConfigurationPlatforms) = preSolution
		Debug|x86 = Debug|x86
		Release|x86 = Release|x86
	EndGlobalSection
	GlobalSection(ProjectConfigurationPlatforms) = postSolution
		{DE2CE20F-4AA3-46AC-988D-758458CF2928}.Debug|x86.ActiveCfg = Debug|Win32
		{DE2CE20F-4AA3-46AC-988D-758458CF2928}.Debug|x86.Build.0 = Debug|Win32
		{DE2CE20F-4AA3-46AC-988D-758458CF2928}.Release|x86.ActiveCfg = Release|Win32
		{DE2CE20F-4AA3-46AC-988D-758458CF2928}.Release|x86.Build.0 = Release|Win32
	EndGlobalSection
	GlobalSection(SolutionProperties) = preSolution
		HideSolutionNode = FALSE
	EndGlobalSection
	GlobalSection(ExtensibilityGlobals) = postSolution
		SolutionGuid = {CE73F8C0-65A2-4A74-AEDB-7BF7E0D4E5D6}
	EndGlobalSection
EndGlobal
