
Microsoft Visual Studio Solution File, Format Version 12.00
# Visual Studio Version 16
VisualStudioVersion = 16.0.31105.61
MinimumVisualStudioVersion = 10.0.40219.1
Project("{8BC9CEB8-8B4A-11D0-8D11-00A0C91BC942}") = "Penteract", "Penteract.vcxproj", "{92DC6B7A-98D9-4E90-969E-F401714EF402}"
EndProject
Global
	GlobalSection(SolutionConfigurationPlatforms) = preSolution
		Debug|x86 = Debug|x86
		Release|x86 = Release|x86
	EndGlobalSection
	GlobalSection(ProjectConfigurationPlatforms) = postSolution
		{92DC6B7A-98D9-4E90-969E-F401714EF402}.Debug|x86.ActiveCfg = Debug|Win32
		{92DC6B7A-98D9-4E90-969E-F401714EF402}.Debug|x86.Build.0 = Debug|Win32
		{92DC6B7A-98D9-4E90-969E-F401714EF402}.Debug|x86.ActiveCfg = DebugEditor|Win32
		{92DC6B7A-98D9-4E90-969E-F401714EF402}.Debug|x86.Build.0 = DebugEditor|Win32
		{92DC6B7A-98D9-4E90-969E-F401714EF402}.Release|x86.ActiveCfg = Release|Win32
		{92DC6B7A-98D9-4E90-969E-F401714EF402}.Release|x86.Build.0 = Release|Win32
		{92DC6B7A-98D9-4E90-969E-F401714EF402}.Release|x86.ActiveCfg = ReleaseEditor|Win32
		{92DC6B7A-98D9-4E90-969E-F401714EF402}.Release|x86.Build.0 = ReleaseEditor|Win32
	EndGlobalSection
	GlobalSection(SolutionProperties) = preSolution
		HideSolutionNode = FALSE
	EndGlobalSection
	GlobalSection(ExtensibilityGlobals) = postSolution
		SolutionGuid = {09D3D345-52F8-48FF-8E44-D7573375398D}
	EndGlobalSection
EndGlobal
